
Microsoft Visual Studio Solution File, Format Version 12.00
# Visual Studio Version 17
VisualStudioVersion = 17.8.34322.80
MinimumVisualStudioVersion = 10.0.40219.1
Project("{FAE04EC0-301F-11D3-BF4B-00C04F79EFBC}") = "SalesWebMVC", "SalesWebMVC\SalesWebMVC.csproj", "{37DCA074-E59C-4F35-AA15-9EBD58E46444}"
EndProject
Global
	GlobalSection(SolutionConfigurationPlatforms) = preSolution
		Debug|Any CPU = Debug|Any CPU
		Release|Any CPU = Release|Any CPU
	EndGlobalSection
	GlobalSection(ProjectConfigurationPlatforms) = postSolution
		{37DCA074-E59C-4F35-AA15-9EBD58E46444}.Debug|Any CPU.ActiveCfg = Debug|Any CPU
		{37DCA074-E59C-4F35-AA15-9EBD58E46444}.Debug|Any CPU.Build.0 = Debug|Any CPU
		{37DCA074-E59C-4F35-AA15-9EBD58E46444}.Release|Any CPU.ActiveCfg = Release|Any CPU
		{37DCA074-E59C-4F35-AA15-9EBD58E46444}.Release|Any CPU.Build.0 = Release|Any CPU
	EndGlobalSection
	GlobalSection(SolutionProperties) = preSolution
		HideSolutionNode = FALSE
	EndGlobalSection
	GlobalSection(ExtensibilityGlobals) = postSolution
		SolutionGuid = {0BEB84BD-4C6B-4284-8256-1A2D6FE0B18D}
	EndGlobalSection
EndGlobal
